
Microsoft Visual Studio Solution File, Format Version 12.00
# Visual Studio Version 17
VisualStudioVersion = 17.3.32929.385
MinimumVisualStudioVersion = 10.0.40219.1
Project("{FAE04EC0-301F-11D3-BF4B-00C04F79EFBC}") = "imcpesoideal", "imcpesoideal.csproj", "{1F48E891-DBB4-4A44-953B-8D971F44FA89}"
EndProject
Global
	GlobalSection(SolutionConfigurationPlatforms) = preSolution
		Debug|Any CPU = Debug|Any CPU
		Release|Any CPU = Release|Any CPU
	EndGlobalSection
	GlobalSection(ProjectConfigurationPlatforms) = postSolution
		{1F48E891-DBB4-4A44-953B-8D971F44FA89}.Debug|Any CPU.ActiveCfg = Debug|Any CPU
		{1F48E891-DBB4-4A44-953B-8D971F44FA89}.Debug|Any CPU.Build.0 = Debug|Any CPU
		{1F48E891-DBB4-4A44-953B-8D971F44FA89}.Release|Any CPU.ActiveCfg = Release|Any CPU
		{1F48E891-DBB4-4A44-953B-8D971F44FA89}.Release|Any CPU.Build.0 = Release|Any CPU
	EndGlobalSection
	GlobalSection(SolutionProperties) = preSolution
		HideSolutionNode = FALSE
	EndGlobalSection
	GlobalSection(ExtensibilityGlobals) = postSolution
		SolutionGuid = {4321EE1E-50F3-4F23-B491-0A2A4591108C}
	EndGlobalSection
EndGlobal
